
Microsoft Visual Studio Solution File, Format Version 12.00
# Visual Studio Version 16
VisualStudioVersion = 16.0.31729.503
MinimumVisualStudioVersion = 10.0.40219.1
Project("{FAE04EC0-301F-11D3-BF4B-00C04F79EFBC}") = "HomeworkOnObjectOrientedProgramming_6", "HomeworkOnObjectOrientedProgramming_6\HomeworkOnObjectOrientedProgramming_6.csproj", "{385C35CA-5DE1-47E2-BAEE-A2CAF3723C48}"
EndProject
Global
	GlobalSection(SolutionConfigurationPlatforms) = preSolution
		Debug|Any CPU = Debug|Any CPU
		Release|Any CPU = Release|Any CPU
	EndGlobalSection
	GlobalSection(ProjectConfigurationPlatforms) = postSolution
		{385C35CA-5DE1-47E2-BAEE-A2CAF3723C48}.Debug|Any CPU.ActiveCfg = Debug|Any CPU
		{385C35CA-5DE1-47E2-BAEE-A2CAF3723C48}.Debug|Any CPU.Build.0 = Debug|Any CPU
		{385C35CA-5DE1-47E2-BAEE-A2CAF3723C48}.Release|Any CPU.ActiveCfg = Release|Any CPU
		{385C35CA-5DE1-47E2-BAEE-A2CAF3723C48}.Release|Any CPU.Build.0 = Release|Any CPU
	EndGlobalSection
	GlobalSection(SolutionProperties) = preSolution
		HideSolutionNode = FALSE
	EndGlobalSection
	GlobalSection(ExtensibilityGlobals) = postSolution
		SolutionGuid = {C49F8E02-AF51-4F0E-8264-152031808B98}
	EndGlobalSection
EndGlobal
